
Microsoft Visual Studio Solution File, Format Version 12.00
# Visual Studio 2015
Project("{FAE04EC0-301F-11D3-BF4B-00C04F79EFBC}") = "Match3_proto", "Match3_proto.csproj", "{706F16FD-9E62-F9AD-2BBA-2C9F5937DF64}"
EndProject
Global
	GlobalSection(SolutionConfigurationPlatforms) = preSolution
		Debug|Any CPU = Debug|Any CPU
		Release|Any CPU = Release|Any CPU
	EndGlobalSection
	GlobalSection(ProjectConfigurationPlatforms) = postSolution
		{706F16FD-9E62-F9AD-2BBA-2C9F5937DF64}.Debug|Any CPU.ActiveCfg = Debug|Any CPU
		{706F16FD-9E62-F9AD-2BBA-2C9F5937DF64}.Debug|Any CPU.Build.0 = Debug|Any CPU
		{706F16FD-9E62-F9AD-2BBA-2C9F5937DF64}.Release|Any CPU.ActiveCfg = Release|Any CPU
		{706F16FD-9E62-F9AD-2BBA-2C9F5937DF64}.Release|Any CPU.Build.0 = Release|Any CPU
	EndGlobalSection
	GlobalSection(SolutionProperties) = preSolution
		HideSolutionNode = FALSE
	EndGlobalSection
EndGlobal
